
Microsoft Visual Studio Solution File, Format Version 12.00
# Visual Studio 15
VisualStudioVersion = 15.0.28307.136
MinimumVisualStudioVersion = 10.0.40219.1
Project("{FAE04EC0-301F-11D3-BF4B-00C04F79EFBC}") = "GestionaleWindows", "GestionaleWindows\GestionaleWindows.csproj", "{7A96A166-DD6D-45ED-896E-D2C7460359BB}"
EndProject
Global
	GlobalSection(SolutionConfigurationPlatforms) = preSolution
		Debug|Any CPU = Debug|Any CPU
		Release|Any CPU = Release|Any CPU
	EndGlobalSection
	GlobalSection(ProjectConfigurationPlatforms) = postSolution
		{7A96A166-DD6D-45ED-896E-D2C7460359BB}.Debug|Any CPU.ActiveCfg = Debug|Any CPU
		{7A96A166-DD6D-45ED-896E-D2C7460359BB}.Debug|Any CPU.Build.0 = Debug|Any CPU
		{7A96A166-DD6D-45ED-896E-D2C7460359BB}.Release|Any CPU.ActiveCfg = Release|Any CPU
		{7A96A166-DD6D-45ED-896E-D2C7460359BB}.Release|Any CPU.Build.0 = Release|Any CPU
	EndGlobalSection
	GlobalSection(SolutionProperties) = preSolution
		HideSolutionNode = FALSE
	EndGlobalSection
	GlobalSection(ExtensibilityGlobals) = postSolution
		SolutionGuid = {5841222F-35B6-43D8-85AF-10FEEEA2B4AD}
	EndGlobalSection
EndGlobal
